Microsoft Visual Studio Solution File, Format Version 11.00
# Visual Studio 2008

Project("{FB215092-2DAD-9121-835E-EC0A1A6EFFDC}") = "SpaceKnightsOfNew", "Assembly-CSharp-firstpass.csproj", "{D5A0A41B-06B2-77DC-6181-70E54A44280F}"
EndProject
Project("{FB215092-2DAD-9121-835E-EC0A1A6EFFDC}") = "SpaceKnightsOfNew", "Assembly-CSharp.csproj", "{DCECE823-A8F1-BDBA-E369-7BD6CEB53FB8}"
EndProject
Project("{FB215092-2DAD-9121-835E-EC0A1A6EFFDC}") = "SpaceKnightsOfNew", "Assembly-UnityScript-firstpass.unityproj", "{984F6E5A-5F30-55AC-EA68-722889B01B7F}"
EndProject
Project("{FB215092-2DAD-9121-835E-EC0A1A6EFFDC}") = "SpaceKnightsOfNew", "Assembly-UnityScript.unityproj", "{31895A86-7893-1674-3158-423FC7AB7FCB}"
EndProject
Global
	GlobalSection(SolutionConfigurationPlatforms) = preSolution
		Debug|Any CPU = Debug|Any CPU
		Release|Any CPU = Release|Any CPU
	EndGlobalSection
	GlobalSection(ProjectConfigurationPlatforms) = postSolution
		{D5A0A41B-06B2-77DC-6181-70E54A44280F}.Debug|Any CPU.ActiveCfg = Debug|Any CPU
		{D5A0A41B-06B2-77DC-6181-70E54A44280F}.Debug|Any CPU.Build.0 = Debug|Any CPU
		{D5A0A41B-06B2-77DC-6181-70E54A44280F}.Release|Any CPU.ActiveCfg = Release|Any CPU
		{D5A0A41B-06B2-77DC-6181-70E54A44280F}.Release|Any CPU.Build.0 = Release|Any CPU
		{DCECE823-A8F1-BDBA-E369-7BD6CEB53FB8}.Debug|Any CPU.ActiveCfg = Debug|Any CPU
		{DCECE823-A8F1-BDBA-E369-7BD6CEB53FB8}.Debug|Any CPU.Build.0 = Debug|Any CPU
		{DCECE823-A8F1-BDBA-E369-7BD6CEB53FB8}.Release|Any CPU.ActiveCfg = Release|Any CPU
		{DCECE823-A8F1-BDBA-E369-7BD6CEB53FB8}.Release|Any CPU.Build.0 = Release|Any CPU
		{984F6E5A-5F30-55AC-EA68-722889B01B7F}.Debug|Any CPU.ActiveCfg = Debug|Any CPU
		{984F6E5A-5F30-55AC-EA68-722889B01B7F}.Debug|Any CPU.Build.0 = Debug|Any CPU
		{984F6E5A-5F30-55AC-EA68-722889B01B7F}.Release|Any CPU.ActiveCfg = Release|Any CPU
		{984F6E5A-5F30-55AC-EA68-722889B01B7F}.Release|Any CPU.Build.0 = Release|Any CPU
		{31895A86-7893-1674-3158-423FC7AB7FCB}.Debug|Any CPU.ActiveCfg = Debug|Any CPU
		{31895A86-7893-1674-3158-423FC7AB7FCB}.Debug|Any CPU.Build.0 = Debug|Any CPU
		{31895A86-7893-1674-3158-423FC7AB7FCB}.Release|Any CPU.ActiveCfg = Release|Any CPU
		{31895A86-7893-1674-3158-423FC7AB7FCB}.Release|Any CPU.Build.0 = Release|Any CPU
	EndGlobalSection
	GlobalSection(SolutionProperties) = preSolution
		HideSolutionNode = FALSE
	EndGlobalSection
																									GlobalSection(MonoDevelopProperties) = preSolution
		StartupItem = Assembly-CSharp.csproj
		Policies = $0
		$0.TextStylePolicy = $1
		$1.inheritsSet = null
		$1.scope = text/x-csharp
		$0.CSharpFormattingPolicy = $2
		$2.inheritsSet = Mono
		$2.inheritsScope = text/x-csharp
		$2.scope = text/x-csharp
		$0.TextStylePolicy = $3
		$3.FileWidth = 120
		$3.TabWidth = 4
		$3.EolMarker = Unix
		$3.inheritsSet = Mono
		$3.inheritsScope = text/plain
		$3.scope = text/plain
	EndGlobalSection

EndGlobal
